
Microsoft Visual Studio Solution File, Format Version 12.00
# Visual Studio Version 17
VisualStudioVersion = 17.5.33502.453
MinimumVisualStudioVersion = 10.0.40219.1
Project("{2150E333-8FDC-42A3-9474-1A3956D46DE8}") = "src", "src", "{30D905B8-BB72-4841-AFBE-9DCBA2760B0D}"
EndProject
Project("{2150E333-8FDC-42A3-9474-1A3956D46DE8}") = "Presentation", "Presentation", "{80B4BB6A-726B-43A3-848D-4A71C7AFEF11}"
EndProject
Project("{2150E333-8FDC-42A3-9474-1A3956D46DE8}") = "Core", "Core", "{B49CEF89-5084-4EDC-AF0A-498422D1B5D1}"
EndProject
Global
	GlobalSection(SolutionProperties) = preSolution
		HideSolutionNode = FALSE
	EndGlobalSection
	GlobalSection(NestedProjects) = preSolution
		{80B4BB6A-726B-43A3-848D-4A71C7AFEF11} = {30D905B8-BB72-4841-AFBE-9DCBA2760B0D}
		{B49CEF89-5084-4EDC-AF0A-498422D1B5D1} = {30D905B8-BB72-4841-AFBE-9DCBA2760B0D}
	EndGlobalSection
	GlobalSection(ExtensibilityGlobals) = postSolution
		SolutionGuid = {4AF744CC-586C-439B-8BAD-8DDED92FB4DD}
	EndGlobalSection
EndGlobal
